version = 1
requires-python = ">=3.11"

[[package]]
name = "evdev"
version = "1.7.1"
source = { registry = "https://pypi.org/simple" }
sdist = { url = "https://files.pythonhosted.org/packages/12/bb/f622a8a5e64d46ca83020a761877c0ead19140903c9aaf1431f3c531fdf6/evdev-1.7.1.tar.gz", hash = "sha256:0c72c370bda29d857e188d931019c32651a9c1ea977c08c8d939b1ced1637fde", size = 30705 }

[[package]]
name = "pynput"
version = "1.7.7"
source = { registry = "https://pypi.org/simple" }
dependencies = [
    { name = "evdev", marker = "'linux' in sys_platform" },
    { name = "pyobjc-framework-applicationservices", marker = "sys_platform == 'darwin'" },
    { name = "pyobjc-framework-quartz", marker = "sys_platform == 'darwin'" },
    { name = "python-xlib", marker = "'linux' in sys_platform" },
    { name = "six" },
]
wheels = [
    { url = "https://files.pythonhosted.org/packages/ef/1d/fdef3fdc9dc8dedc65898c8ad0e8922a914bb89c5308887e45f9aafaec36/pynput-1.7.7-py2.py3-none-any.whl", hash = "sha256:afc43f651684c98818de048abc76adf9f2d3d797083cb07c1f82be764a2d44cb", size = 90243 },
]

[[package]]
name = "pyobjc-core"
version = "10.3.1"
source = { registry = "https://pypi.org/simple" }
sdist = { url = "https://files.pythonhosted.org/packages/b7/40/a38d78627bd882d86c447db5a195ff307001ae02c1892962c656f2fd6b83/pyobjc_core-10.3.1.tar.gz", hash = "sha256:b204a80ccc070f9ab3f8af423a3a25a6fd787e228508d00c4c30f8ac538ba720", size = 935027 }
wheels = [
    { url = "https://files.pythonhosted.org/packages/ba/69/e782f176bb5ac71473563f4e5cf825c48b1d7d1fbe1fadde201027804e45/pyobjc_core-10.3.1-cp311-cp311-macosx_10_9_universal2.whl", hash = "sha256:899d3c84d2933d292c808f385dc881a140cf08632907845043a333a9d7c899f9", size = 775224 },
    { url = "https://files.pythonhosted.org/packages/cd/4d/d5d552b209fbca644cf9e0115a4cef8bc5f6726a44303eb7ae8d8a920a9e/pyobjc_core-10.3.1-cp312-cp312-macosx_10_9_universal2.whl", hash = "sha256:6ff5823d13d0a534cdc17fa4ad47cf5bee4846ce0fd27fc40012e12b46db571b", size = 825968 },
    { url = "https://files.pythonhosted.org/packages/2e/8b/341571ac5d625968083cbd718e1af7eac54197ed3d404dfff9467c3a8c88/pyobjc_core-10.3.1-cp313-cp313-macosx_10_13_universal2.whl", hash = "sha256:2581e8e68885bcb0e11ec619e81ef28e08ee3fac4de20d8cc83bc5af5bcf4a90", size = 827410 },
]

[[package]]
name = "pyobjc-framework-applicationservices"
version = "10.3.1"
source = { registry = "https://pypi.org/simple" }
dependencies = [
    { name = "pyobjc-core" },
    { name = "pyobjc-framework-cocoa" },
    { name = "pyobjc-framework-coretext" },
    { name = "pyobjc-framework-quartz" },
]
sdist = { url = "https://files.pythonhosted.org/packages/66/a6/3704b63c6e844739e3b7e324d1268fb6f7cb485550267719660779266c60/pyobjc_framework_applicationservices-10.3.1.tar.gz", hash = "sha256:f27cb64aa4d129ce671fd42638c985eb2a56d544214a95fe3214a007eacc4790", size = 182738 }
wheels = [
    { url = "https://files.pythonhosted.org/packages/78/24/31fdd15f88d3a0a88ba88b27d1f134c7819221886bf56644af12fe672c6d/pyobjc_framework_ApplicationServices-10.3.1-cp311-cp311-macosx_10_9_universal2.whl", hash = "sha256:d886ba1f65df47b77ff7546f3fc9bc7d08cfb6b3c04433b719f6b0689a2c0d1f", size = 31029 },
    { url = "https://files.pythonhosted.org/packages/af/01/bf2d335e3f176227a142f466419a9400dd752e7f02f03674a276f39c1d78/pyobjc_framework_ApplicationServices-10.3.1-cp312-cp312-macosx_10_9_universal2.whl", hash = "sha256:be157f2c3ffb254064ef38249670af8cada5e519a714d2aa5da3740934d89bc8", size = 31072 },
    { url = "https://files.pythonhosted.org/packages/a5/44/44821633fb0a94e5072997eb56496a72c071ed22a1c93e53915b5a14dbb5/pyobjc_framework_ApplicationServices-10.3.1-cp313-cp313-macosx_10_13_universal2.whl", hash = "sha256:57737f41731661e4a3b78793ec9173f61242a32fa560c3e4e58484465d049c32", size = 30950 },
]

[[package]]
name = "pyobjc-framework-cocoa"
version = "10.3.1"
source = { registry = "https://pypi.org/simple" }
dependencies = [
    { name = "pyobjc-core" },
]
sdist = { url = "https://files.pythonhosted.org/packages/a7/6c/b62e31e6e00f24e70b62f680e35a0d663ba14ff7601ae591b5d20e251161/pyobjc_framework_cocoa-10.3.1.tar.gz", hash = "sha256:1cf20714daaa986b488fb62d69713049f635c9d41a60c8da97d835710445281a", size = 4941542 }
wheels = [
    { url = "https://files.pythonhosted.org/packages/d4/ad/436c3619d1a84f83d55ff9c709b122e4d1ac2ee9af467b68fcb60e5ad3a6/pyobjc_framework_Cocoa-10.3.1-cp311-cp311-macosx_10_9_universal2.whl", hash = "sha256:5f31021f4f8fdf873b57a97ee1f3c1620dbe285e0b4eaed73dd0005eb72fd773", size = 396142 },
    { url = "https://files.pythonhosted.org/packages/29/73/9a913537d6d63758243f76a3d3acbae8eb77705c278eceaf37198e58dcf5/pyobjc_framework_Cocoa-10.3.1-cp312-cp312-macosx_10_9_universal2.whl", hash = "sha256:11b4e0bad4bbb44a4edda128612f03cdeab38644bbf174de0c13129715497296", size = 396183 },
    { url = "https://files.pythonhosted.org/packages/93/1f/b203c35ac17ff50b101433783988b527c1b7d7386c175c9aec1c89da5426/pyobjc_framework_Cocoa-10.3.1-cp313-cp313-macosx_10_13_universal2.whl", hash = "sha256:de5e62e5ccf2871a94acf3bf79646b20ea893cc9db78afa8d1fe1b0d0f7cbdb0", size = 395004 },
]

[[package]]
name = "pyobjc-framework-coretext"
version = "10.3.1"
source = { registry = "https://pypi.org/simple" }
dependencies = [
    { name = "pyobjc-core" },
    { name = "pyobjc-framework-cocoa" },
    { name = "pyobjc-framework-quartz" },
]
sdist = { url = "https://files.pythonhosted.org/packages/9e/9f/d363cb1548808f538d7ae267a9fcb999dfb5693056fdaa5bc93de089cfef/pyobjc_framework_coretext-10.3.1.tar.gz", hash = "sha256:b8fa2d5078ed774431ae64ba886156e319aec0b8c6cc23dabfd86778265b416f", size = 233428 }
wheels = [
    { url = "https://files.pythonhosted.org/packages/0e/f6/ccc934adf50fa77c7d7d8bdb13ede25d1a0a62c67fec571ae2bd8557c41d/pyobjc_framework_CoreText-10.3.1-cp311-cp311-macosx_10_9_universal2.whl", hash = "sha256:834142a14235bd80edaef8d3a28d1e203ed3c988810a9b78005df7c561390288", size = 30266 },
    { url = "https://files.pythonhosted.org/packages/66/8e/4341253c550d6cf4da1a8c33d8d310b6ddbbaaea09eca26ea5eaff176e4b/pyobjc_framework_CoreText-10.3.1-cp312-cp312-macosx_10_9_universal2.whl", hash = "sha256:ae6c09d29eeaf30a67aa70e08a465b1f1e47d12e22b3a34ae8bc8fdb7e2e7342", size = 30404 },
    { url = "https://files.pythonhosted.org/packages/6d/7a/850261594a2a7ec54f27449db2c2494cc0b79897c765fea1581e03268f7e/pyobjc_framework_CoreText-10.3.1-cp313-cp313-macosx_10_13_universal2.whl", hash = "sha256:51ca95df1db9401366f11a7467f64be57f9a0630d31c357237d4062df0216938", size = 30331 },
]

[[package]]
name = "pyobjc-framework-quartz"
version = "10.3.1"
source = { registry = "https://pypi.org/simple" }
dependencies = [
    { name = "pyobjc-core" },
    { name = "pyobjc-framework-cocoa" },
]
sdist = { url = "https://files.pythonhosted.org/packages/f7/a2/f488d801197b9b4d28d0b8d85947f9e2c8a6e89c5e6d4a828fc7cccfb57a/pyobjc_framework_quartz-10.3.1.tar.gz", hash = "sha256:b6d7e346d735c9a7f147cd78e6da79eeae416a0b7d3874644c83a23786c6f886", size = 3775947 }
wheels = [
    { url = "https://files.pythonhosted.org/packages/62/b3/ba33c4a3406fec862a5107da03d8daacbc11daa355f446a8849e1bf2c73e/pyobjc_framework_Quartz-10.3.1-cp311-cp311-macosx_10_9_universal2.whl", hash = "sha256:96578d4a3e70164efe44ad7dc320ecd4e211758ffcde5dcd694de1bbdfe090a4", size = 227260 },
    { url = "https://files.pythonhosted.org/packages/0f/08/215f38dbebfca74f49276a9471531f360b4fb7888106f78953909919ca53/pyobjc_framework_Quartz-10.3.1-cp312-cp312-macosx_10_9_universal2.whl", hash = "sha256:ca35f92486869a41847a1703bb176aab8a53dbfd8e678d1f4d68d8e6e1581c71", size = 227195 },
    { url = "https://files.pythonhosted.org/packages/ce/7a/78b512061af37a4466607143a9876192f04c5810b16e4cb097fbbfa02dc5/pyobjc_framework_Quartz-10.3.1-cp313-cp313-macosx_10_13_universal2.whl", hash = "sha256:00a0933267e3a46ea4afcc35d117b2efb920f06de797fa66279c52e7057e3590", size = 226586 },
]

[[package]]
name = "python-xlib"
version = "0.33"
source = { registry = "https://pypi.org/simple" }
dependencies = [
    { name = "six" },
]
sdist = { url = "https://files.pythonhosted.org/packages/86/f5/8c0653e5bb54e0cbdfe27bf32d41f27bc4e12faa8742778c17f2a71be2c0/python-xlib-0.33.tar.gz", hash = "sha256:55af7906a2c75ce6cb280a584776080602444f75815a7aff4d287bb2d7018b32", size = 269068 }
wheels = [
    { url = "https://files.pythonhosted.org/packages/fc/b8/ff33610932e0ee81ae7f1269c890f697d56ff74b9f5b2ee5d9b7fa2c5355/python_xlib-0.33-py2.py3-none-any.whl", hash = "sha256:c3534038d42e0df2f1392a1b30a15a4ff5fdc2b86cfa94f072bf11b10a164398", size = 182185 },
]

[[package]]
name = "six"
version = "1.16.0"
source = { registry = "https://pypi.org/simple" }
sdist = { url = "https://files.pythonhosted.org/packages/71/39/171f1c67cd00715f190ba0b100d606d440a28c93c7714febeca8b79af85e/six-1.16.0.tar.gz", hash = "sha256:1e61c37477a1626458e36f7b1d82aa5c9b094fa4802892072e49de9c60c4c926", size = 34041 }
wheels = [
    { url = "https://files.pythonhosted.org/packages/d9/5a/e7c31adbe875f2abbb91bd84cf2dc52d792b5a01506781dbcf25c91daf11/six-1.16.0-py2.py3-none-any.whl", hash = "sha256:8abb2f1d86890a2dfb989f9a77cfcfd3e47c2a354b01111771326f8aa26e0254", size = 11053 },
]

[[package]]
name = "sokoban-search"
version = "0.1.0"
source = { editable = "." }
dependencies = [
    { name = "pynput" },
]

[package.metadata]
requires-dist = [{ name = "pynput", specifier = ">=1.7.7" }]
